
Microsoft Visual Studio Solution File, Format Version 12.00
# Visual Studio Version 17
VisualStudioVersion = 17.9.34310.174
MinimumVisualStudioVersion = 10.0.40219.1
Project("{2150E333-8FDC-42A3-9474-1A3956D46DE8}") = "AppHouse.Aspire", "AppHouse.Aspire", "{B6FC55B7-9756-451B-8BD2-1C00674AC4F0}"
EndProject
Project("{9A19103F-16F7-4668-BE54-9A1E7A4F7556}") = "AppHouse.Aspire.AppHost", "AppHouse.Aspire\AppHouse.Aspire\AppHouse.Aspire.AppHost\AppHouse.Aspire.AppHost.csproj", "{94B246E3-5529-4B5A-A1A9-AB282B782A58}"
EndProject
Project("{9A19103F-16F7-4668-BE54-9A1E7A4F7556}") = "AppHouse.Aspire.ServiceDefaults", "AppHouse.Aspire\AppHouse.Aspire\AppHouse.Aspire.ServiceDefaults\AppHouse.Aspire.ServiceDefaults.csproj", "{30FB2A8B-5F0E-4D41-A8D9-85E3A3526617}"
EndProject
Project("{9A19103F-16F7-4668-BE54-9A1E7A4F7556}") = "AppHouse.SharedKernel", "AppHouse.SharedKernel\AppHouse.SharedKernel.csproj", "{92333EA2-C6E5-4140-8FE7-A2FF9D16310F}"
EndProject
Project("{9A19103F-16F7-4668-BE54-9A1E7A4F7556}") = "AppHouse.Accounts.Tests", "AppHouse.Account\AppHouse.Accounts.Tests\AppHouse.Accounts.Tests.csproj", "{BBB159DA-8861-4939-B57A-CC0881F5FE0F}"
EndProject
Project("{9A19103F-16F7-4668-BE54-9A1E7A4F7556}") = "AppHouse.Accounts.Core", "AppHouse.Account\AppHouse.Accounts.Core\AppHouse.Accounts.Core.csproj", "{A3877A84-F33F-442A-B641-6D9DB99AE5E2}"
EndProject
Project("{9A19103F-16F7-4668-BE54-9A1E7A4F7556}") = "AppHouse.Accounts.Domain", "AppHouse.Account\AppHouse.Accounts.Domain\AppHouse.Accounts.Domain.csproj", "{98DB9B87-AC32-42B2-95F6-FEB10948691D}"
EndProject
Project("{9A19103F-16F7-4668-BE54-9A1E7A4F7556}") = "AppHouse.Accounts.Application", "AppHouse.Account\AppHouse.Accounts.Application\AppHouse.Accounts.Application.csproj", "{4BCB9311-2E00-4DF4-8721-832357EE32DE}"
EndProject
Project("{2150E333-8FDC-42A3-9474-1A3956D46DE8}") = "AppHouse.Accounts", "AppHouse.Accounts", "{D0FD3C5F-438E-4A56-898D-981E06A7135F}"
EndProject
Project("{9A19103F-16F7-4668-BE54-9A1E7A4F7556}") = "AppHouseApi", "AppHouseApi\AppHouseApi.csproj", "{CD5BB267-CBC3-443F-B91F-5272D7983466}"
EndProject
Global
	GlobalSection(SolutionConfigurationPlatforms) = preSolution
		Debug|Any CPU = Debug|Any CPU
		Release|Any CPU = Release|Any CPU
	EndGlobalSection
	GlobalSection(ProjectConfigurationPlatforms) = postSolution
		{94B246E3-5529-4B5A-A1A9-AB282B782A58}.Debug|Any CPU.ActiveCfg = Debug|Any CPU
		{94B246E3-5529-4B5A-A1A9-AB282B782A58}.Debug|Any CPU.Build.0 = Debug|Any CPU
		{94B246E3-5529-4B5A-A1A9-AB282B782A58}.Release|Any CPU.ActiveCfg = Release|Any CPU
		{94B246E3-5529-4B5A-A1A9-AB282B782A58}.Release|Any CPU.Build.0 = Release|Any CPU
		{30FB2A8B-5F0E-4D41-A8D9-85E3A3526617}.Debug|Any CPU.ActiveCfg = Debug|Any CPU
		{30FB2A8B-5F0E-4D41-A8D9-85E3A3526617}.Debug|Any CPU.Build.0 = Debug|Any CPU
		{30FB2A8B-5F0E-4D41-A8D9-85E3A3526617}.Release|Any CPU.ActiveCfg = Release|Any CPU
		{30FB2A8B-5F0E-4D41-A8D9-85E3A3526617}.Release|Any CPU.Build.0 = Release|Any CPU
		{92333EA2-C6E5-4140-8FE7-A2FF9D16310F}.Debug|Any CPU.ActiveCfg = Debug|Any CPU
		{92333EA2-C6E5-4140-8FE7-A2FF9D16310F}.Debug|Any CPU.Build.0 = Debug|Any CPU
		{92333EA2-C6E5-4140-8FE7-A2FF9D16310F}.Release|Any CPU.ActiveCfg = Release|Any CPU
		{92333EA2-C6E5-4140-8FE7-A2FF9D16310F}.Release|Any CPU.Build.0 = Release|Any CPU
		{BBB159DA-8861-4939-B57A-CC0881F5FE0F}.Debug|Any CPU.ActiveCfg = Debug|Any CPU
		{BBB159DA-8861-4939-B57A-CC0881F5FE0F}.Debug|Any CPU.Build.0 = Debug|Any CPU
		{BBB159DA-8861-4939-B57A-CC0881F5FE0F}.Release|Any CPU.ActiveCfg = Release|Any CPU
		{BBB159DA-8861-4939-B57A-CC0881F5FE0F}.Release|Any CPU.Build.0 = Release|Any CPU
		{A3877A84-F33F-442A-B641-6D9DB99AE5E2}.Debug|Any CPU.ActiveCfg = Debug|Any CPU
		{A3877A84-F33F-442A-B641-6D9DB99AE5E2}.Debug|Any CPU.Build.0 = Debug|Any CPU
		{A3877A84-F33F-442A-B641-6D9DB99AE5E2}.Release|Any CPU.ActiveCfg = Release|Any CPU
		{A3877A84-F33F-442A-B641-6D9DB99AE5E2}.Release|Any CPU.Build.0 = Release|Any CPU
		{98DB9B87-AC32-42B2-95F6-FEB10948691D}.Debug|Any CPU.ActiveCfg = Debug|Any CPU
		{98DB9B87-AC32-42B2-95F6-FEB10948691D}.Debug|Any CPU.Build.0 = Debug|Any CPU
		{98DB9B87-AC32-42B2-95F6-FEB10948691D}.Release|Any CPU.ActiveCfg = Release|Any CPU
		{98DB9B87-AC32-42B2-95F6-FEB10948691D}.Release|Any CPU.Build.0 = Release|Any CPU
		{4BCB9311-2E00-4DF4-8721-832357EE32DE}.Debug|Any CPU.ActiveCfg = Debug|Any CPU
		{4BCB9311-2E00-4DF4-8721-832357EE32DE}.Debug|Any CPU.Build.0 = Debug|Any CPU
		{4BCB9311-2E00-4DF4-8721-832357EE32DE}.Release|Any CPU.ActiveCfg = Release|Any CPU
		{4BCB9311-2E00-4DF4-8721-832357EE32DE}.Release|Any CPU.Build.0 = Release|Any CPU
		{CD5BB267-CBC3-443F-B91F-5272D7983466}.Debug|Any CPU.ActiveCfg = Debug|Any CPU
		{CD5BB267-CBC3-443F-B91F-5272D7983466}.Debug|Any CPU.Build.0 = Debug|Any CPU
		{CD5BB267-CBC3-443F-B91F-5272D7983466}.Release|Any CPU.ActiveCfg = Release|Any CPU
		{CD5BB267-CBC3-443F-B91F-5272D7983466}.Release|Any CPU.Build.0 = Release|Any CPU
	EndGlobalSection
	GlobalSection(SolutionProperties) = preSolution
		HideSolutionNode = FALSE
	EndGlobalSection
	GlobalSection(NestedProjects) = preSolution
		{94B246E3-5529-4B5A-A1A9-AB282B782A58} = {B6FC55B7-9756-451B-8BD2-1C00674AC4F0}
		{30FB2A8B-5F0E-4D41-A8D9-85E3A3526617} = {B6FC55B7-9756-451B-8BD2-1C00674AC4F0}
		{BBB159DA-8861-4939-B57A-CC0881F5FE0F} = {D0FD3C5F-438E-4A56-898D-981E06A7135F}
		{A3877A84-F33F-442A-B641-6D9DB99AE5E2} = {D0FD3C5F-438E-4A56-898D-981E06A7135F}
		{98DB9B87-AC32-42B2-95F6-FEB10948691D} = {D0FD3C5F-438E-4A56-898D-981E06A7135F}
		{4BCB9311-2E00-4DF4-8721-832357EE32DE} = {D0FD3C5F-438E-4A56-898D-981E06A7135F}
	EndGlobalSection
	GlobalSection(ExtensibilityGlobals) = postSolution
		SolutionGuid = {4AC39395-759C-4041-8CB3-8A5465D5696F}
	EndGlobalSection
EndGlobal
