
Microsoft Visual Studio Solution File, Format Version 12.00
# Visual Studio Version 17
VisualStudioVersion = 17.9.34310.174
MinimumVisualStudioVersion = 10.0.40219.1
Project("{2150E333-8FDC-42A3-9474-1A3956D46DE8}") = "AppHouse.Aspire", "AppHouse.Aspire", "{B6FC55B7-9756-451B-8BD2-1C00674AC4F0}"
EndProject
Project("{9A19103F-16F7-4668-BE54-9A1E7A4F7556}") = "AppHouse.SharedKernel", "AppHouse.SharedKernel\AppHouse.SharedKernel.csproj", "{92333EA2-C6E5-4140-8FE7-A2FF9D16310F}"
EndProject
Project("{9A19103F-16F7-4668-BE54-9A1E7A4F7556}") = "AppHouse.Accounts.Tests", "AppHouse.Account\AppHouse.Accounts.Tests\AppHouse.Accounts.Tests.csproj", "{BBB159DA-8861-4939-B57A-CC0881F5FE0F}"
EndProject
Project("{9A19103F-16F7-4668-BE54-9A1E7A4F7556}") = "AppHouse.Accounts.Core", "AppHouse.Account\AppHouse.Accounts.Core\AppHouse.Accounts.Core.csproj", "{A3877A84-F33F-442A-B641-6D9DB99AE5E2}"
EndProject
Project("{9A19103F-16F7-4668-BE54-9A1E7A4F7556}") = "AppHouse.Accounts.Domain", "AppHouse.Account\AppHouse.Accounts.Domain\AppHouse.Accounts.Domain.csproj", "{98DB9B87-AC32-42B2-95F6-FEB10948691D}"
EndProject
Project("{9A19103F-16F7-4668-BE54-9A1E7A4F7556}") = "AppHouse.Accounts.Application", "AppHouse.Account\AppHouse.Accounts.Application\AppHouse.Accounts.Application.csproj", "{4BCB9311-2E00-4DF4-8721-832357EE32DE}"
EndProject
Project("{2150E333-8FDC-42A3-9474-1A3956D46DE8}") = "AppHouse.Accounts", "AppHouse.Accounts", "{D0FD3C5F-438E-4A56-898D-981E06A7135F}"
EndProject
Project("{2150E333-8FDC-42A3-9474-1A3956D46DE8}") = "AppHouse.Loans", "AppHouse.Loans", "{EE002D18-7045-4B77-AB04-8781C06653C2}"
EndProject
Project("{2150E333-8FDC-42A3-9474-1A3956D46DE8}") = "AppHouse.Payments", "AppHouse.Payments", "{5D8049B9-D7FC-48BC-AE37-BFF0C04056A3}"
EndProject
Project("{9A19103F-16F7-4668-BE54-9A1E7A4F7556}") = "AppHouse.Loans.Application", "AppHouse.Loans\AppHouse.Loans.Application\AppHouse.Loans.Application.csproj", "{512CB92C-7358-4903-963E-95CE381FF6C5}"
EndProject
Project("{9A19103F-16F7-4668-BE54-9A1E7A4F7556}") = "AppHouse.Loans.Core", "AppHouse.Loans\AppHouse.Loans.Core\AppHouse.Loans.Core.csproj", "{8CBCE900-6FC0-4409-AEFF-25EACF7559E1}"
EndProject
Project("{9A19103F-16F7-4668-BE54-9A1E7A4F7556}") = "AppHouse.Loans.Domain", "AppHouse.Loans\AppHouse.Loans.Domain\AppHouse.Loans.Domain.csproj", "{E8DFE550-0CE2-4116-A694-32251CDB4852}"
EndProject
Project("{9A19103F-16F7-4668-BE54-9A1E7A4F7556}") = "AppHouse.Loans.Tests", "AppHouse.Loans\AppHouse.Loans.Tests\AppHouse.Loans.Tests.csproj", "{FF78CC8D-9508-4D7C-A498-0A5E96B96F71}"
EndProject
Project("{9A19103F-16F7-4668-BE54-9A1E7A4F7556}") = "AppHouse.Payments.Application", "AppHouse.Payments\AppHouse.Payments.Application\AppHouse.Payments.Application.csproj", "{311C61F8-F216-4112-BC05-ABB33BC5F5C3}"
EndProject
Project("{9A19103F-16F7-4668-BE54-9A1E7A4F7556}") = "AppHouse.Payments.Core", "AppHouse.Payments\AppHouse.Payments.Core\AppHouse.Payments.Core.csproj", "{E168EDCA-4E3C-4735-8DC4-89753629AC87}"
EndProject
Project("{9A19103F-16F7-4668-BE54-9A1E7A4F7556}") = "AppHouse.Payments.Domain", "AppHouse.Payments\AppHouse.Payments.Domain\AppHouse.Payments.Domain.csproj", "{9A66D6AF-B0BD-403D-8AF2-85C3D487C3F9}"
EndProject
Project("{9A19103F-16F7-4668-BE54-9A1E7A4F7556}") = "AppHouse.Payments.Tests", "AppHouse.Payments\AppHouse.Payments.Tests\AppHouse.Payments.Tests.csproj", "{053C3274-DE0A-4A0C-9D81-25D13944685D}"
EndProject
Project("{9A19103F-16F7-4668-BE54-9A1E7A4F7556}") = "AppHouse.BootsStrap", "AppHouse.BootsStrap\AppHouse.BootsStrap.csproj", "{CB0B185E-BDCE-4AD9-B934-39EC51B6A03F}"
EndProject
Project("{2150E333-8FDC-42A3-9474-1A3956D46DE8}") = "AppHouse.DbScripts", "AppHouse.DbScripts", "{02AA8228-CC67-4FC9-BA9B-F4DEA03332C3}"
	ProjectSection(SolutionItems) = preProject
		AppHouse.DbScripts\AccountActivityHistoryTable.sql = AppHouse.DbScripts\AccountActivityHistoryTable.sql
		AppHouse.DbScripts\AccountTable.sql = AppHouse.DbScripts\AccountTable.sql
		AppHouse.DbScripts\LoanStyleTypeTable.sql = AppHouse.DbScripts\LoanStyleTypeTable.sql
		AppHouse.DbScripts\LoanTable.sql = AppHouse.DbScripts\LoanTable.sql
	EndProjectSection
EndProject
Project("{9A19103F-16F7-4668-BE54-9A1E7A4F7556}") = "AppHouse.Aspire.AppHost", "AppHouse.Aspire\AppHouse.Aspire.AppHost\AppHouse.Aspire.AppHost.csproj", "{53429D54-AAB6-4CE3-9171-573CAB47AFC7}"
EndProject
Project("{9A19103F-16F7-4668-BE54-9A1E7A4F7556}") = "AppHouse.Aspire.ServiceDefaults", "AppHouse.Aspire\AppHouse.Aspire.ServiceDefaults\AppHouse.Aspire.ServiceDefaults.csproj", "{89A19EB1-16B7-49F9-953A-170E3E482A5E}"
EndProject
Global
	GlobalSection(SolutionConfigurationPlatforms) = preSolution
		Debug|Any CPU = Debug|Any CPU
		Release|Any CPU = Release|Any CPU
	EndGlobalSection
	GlobalSection(ProjectConfigurationPlatforms) = postSolution
		{92333EA2-C6E5-4140-8FE7-A2FF9D16310F}.Debug|Any CPU.ActiveCfg = Debug|Any CPU
		{92333EA2-C6E5-4140-8FE7-A2FF9D16310F}.Debug|Any CPU.Build.0 = Debug|Any CPU
		{92333EA2-C6E5-4140-8FE7-A2FF9D16310F}.Release|Any CPU.ActiveCfg = Release|Any CPU
		{92333EA2-C6E5-4140-8FE7-A2FF9D16310F}.Release|Any CPU.Build.0 = Release|Any CPU
		{BBB159DA-8861-4939-B57A-CC0881F5FE0F}.Debug|Any CPU.ActiveCfg = Debug|Any CPU
		{BBB159DA-8861-4939-B57A-CC0881F5FE0F}.Debug|Any CPU.Build.0 = Debug|Any CPU
		{BBB159DA-8861-4939-B57A-CC0881F5FE0F}.Release|Any CPU.ActiveCfg = Release|Any CPU
		{BBB159DA-8861-4939-B57A-CC0881F5FE0F}.Release|Any CPU.Build.0 = Release|Any CPU
		{A3877A84-F33F-442A-B641-6D9DB99AE5E2}.Debug|Any CPU.ActiveCfg = Debug|Any CPU
		{A3877A84-F33F-442A-B641-6D9DB99AE5E2}.Debug|Any CPU.Build.0 = Debug|Any CPU
		{A3877A84-F33F-442A-B641-6D9DB99AE5E2}.Release|Any CPU.ActiveCfg = Release|Any CPU
		{A3877A84-F33F-442A-B641-6D9DB99AE5E2}.Release|Any CPU.Build.0 = Release|Any CPU
		{98DB9B87-AC32-42B2-95F6-FEB10948691D}.Debug|Any CPU.ActiveCfg = Debug|Any CPU
		{98DB9B87-AC32-42B2-95F6-FEB10948691D}.Debug|Any CPU.Build.0 = Debug|Any CPU
		{98DB9B87-AC32-42B2-95F6-FEB10948691D}.Release|Any CPU.ActiveCfg = Release|Any CPU
		{98DB9B87-AC32-42B2-95F6-FEB10948691D}.Release|Any CPU.Build.0 = Release|Any CPU
		{4BCB9311-2E00-4DF4-8721-832357EE32DE}.Debug|Any CPU.ActiveCfg = Debug|Any CPU
		{4BCB9311-2E00-4DF4-8721-832357EE32DE}.Debug|Any CPU.Build.0 = Debug|Any CPU
		{4BCB9311-2E00-4DF4-8721-832357EE32DE}.Release|Any CPU.ActiveCfg = Release|Any CPU
		{4BCB9311-2E00-4DF4-8721-832357EE32DE}.Release|Any CPU.Build.0 = Release|Any CPU
		{512CB92C-7358-4903-963E-95CE381FF6C5}.Debug|Any CPU.ActiveCfg = Debug|Any CPU
		{512CB92C-7358-4903-963E-95CE381FF6C5}.Debug|Any CPU.Build.0 = Debug|Any CPU
		{512CB92C-7358-4903-963E-95CE381FF6C5}.Release|Any CPU.ActiveCfg = Release|Any CPU
		{512CB92C-7358-4903-963E-95CE381FF6C5}.Release|Any CPU.Build.0 = Release|Any CPU
		{8CBCE900-6FC0-4409-AEFF-25EACF7559E1}.Debug|Any CPU.ActiveCfg = Debug|Any CPU
		{8CBCE900-6FC0-4409-AEFF-25EACF7559E1}.Debug|Any CPU.Build.0 = Debug|Any CPU
		{8CBCE900-6FC0-4409-AEFF-25EACF7559E1}.Release|Any CPU.ActiveCfg = Release|Any CPU
		{8CBCE900-6FC0-4409-AEFF-25EACF7559E1}.Release|Any CPU.Build.0 = Release|Any CPU
		{E8DFE550-0CE2-4116-A694-32251CDB4852}.Debug|Any CPU.ActiveCfg = Debug|Any CPU
		{E8DFE550-0CE2-4116-A694-32251CDB4852}.Debug|Any CPU.Build.0 = Debug|Any CPU
		{E8DFE550-0CE2-4116-A694-32251CDB4852}.Release|Any CPU.ActiveCfg = Release|Any CPU
		{E8DFE550-0CE2-4116-A694-32251CDB4852}.Release|Any CPU.Build.0 = Release|Any CPU
		{FF78CC8D-9508-4D7C-A498-0A5E96B96F71}.Debug|Any CPU.ActiveCfg = Debug|Any CPU
		{FF78CC8D-9508-4D7C-A498-0A5E96B96F71}.Debug|Any CPU.Build.0 = Debug|Any CPU
		{FF78CC8D-9508-4D7C-A498-0A5E96B96F71}.Release|Any CPU.ActiveCfg = Release|Any CPU
		{FF78CC8D-9508-4D7C-A498-0A5E96B96F71}.Release|Any CPU.Build.0 = Release|Any CPU
		{311C61F8-F216-4112-BC05-ABB33BC5F5C3}.Debug|Any CPU.ActiveCfg = Debug|Any CPU
		{311C61F8-F216-4112-BC05-ABB33BC5F5C3}.Debug|Any CPU.Build.0 = Debug|Any CPU
		{311C61F8-F216-4112-BC05-ABB33BC5F5C3}.Release|Any CPU.ActiveCfg = Release|Any CPU
		{311C61F8-F216-4112-BC05-ABB33BC5F5C3}.Release|Any CPU.Build.0 = Release|Any CPU
		{E168EDCA-4E3C-4735-8DC4-89753629AC87}.Debug|Any CPU.ActiveCfg = Debug|Any CPU
		{E168EDCA-4E3C-4735-8DC4-89753629AC87}.Debug|Any CPU.Build.0 = Debug|Any CPU
		{E168EDCA-4E3C-4735-8DC4-89753629AC87}.Release|Any CPU.ActiveCfg = Release|Any CPU
		{E168EDCA-4E3C-4735-8DC4-89753629AC87}.Release|Any CPU.Build.0 = Release|Any CPU
		{9A66D6AF-B0BD-403D-8AF2-85C3D487C3F9}.Debug|Any CPU.ActiveCfg = Debug|Any CPU
		{9A66D6AF-B0BD-403D-8AF2-85C3D487C3F9}.Debug|Any CPU.Build.0 = Debug|Any CPU
		{9A66D6AF-B0BD-403D-8AF2-85C3D487C3F9}.Release|Any CPU.ActiveCfg = Release|Any CPU
		{9A66D6AF-B0BD-403D-8AF2-85C3D487C3F9}.Release|Any CPU.Build.0 = Release|Any CPU
		{053C3274-DE0A-4A0C-9D81-25D13944685D}.Debug|Any CPU.ActiveCfg = Debug|Any CPU
		{053C3274-DE0A-4A0C-9D81-25D13944685D}.Debug|Any CPU.Build.0 = Debug|Any CPU
		{053C3274-DE0A-4A0C-9D81-25D13944685D}.Release|Any CPU.ActiveCfg = Release|Any CPU
		{053C3274-DE0A-4A0C-9D81-25D13944685D}.Release|Any CPU.Build.0 = Release|Any CPU
		{CB0B185E-BDCE-4AD9-B934-39EC51B6A03F}.Debug|Any CPU.ActiveCfg = Debug|Any CPU
		{CB0B185E-BDCE-4AD9-B934-39EC51B6A03F}.Debug|Any CPU.Build.0 = Debug|Any CPU
		{CB0B185E-BDCE-4AD9-B934-39EC51B6A03F}.Release|Any CPU.ActiveCfg = Release|Any CPU
		{CB0B185E-BDCE-4AD9-B934-39EC51B6A03F}.Release|Any CPU.Build.0 = Release|Any CPU
		{53429D54-AAB6-4CE3-9171-573CAB47AFC7}.Debug|Any CPU.ActiveCfg = Debug|Any CPU
		{53429D54-AAB6-4CE3-9171-573CAB47AFC7}.Debug|Any CPU.Build.0 = Debug|Any CPU
		{53429D54-AAB6-4CE3-9171-573CAB47AFC7}.Release|Any CPU.ActiveCfg = Release|Any CPU
		{53429D54-AAB6-4CE3-9171-573CAB47AFC7}.Release|Any CPU.Build.0 = Release|Any CPU
		{89A19EB1-16B7-49F9-953A-170E3E482A5E}.Debug|Any CPU.ActiveCfg = Debug|Any CPU
		{89A19EB1-16B7-49F9-953A-170E3E482A5E}.Debug|Any CPU.Build.0 = Debug|Any CPU
		{89A19EB1-16B7-49F9-953A-170E3E482A5E}.Release|Any CPU.ActiveCfg = Release|Any CPU
		{89A19EB1-16B7-49F9-953A-170E3E482A5E}.Release|Any CPU.Build.0 = Release|Any CPU
	EndGlobalSection
	GlobalSection(SolutionProperties) = preSolution
		HideSolutionNode = FALSE
	EndGlobalSection
	GlobalSection(NestedProjects) = preSolution
		{BBB159DA-8861-4939-B57A-CC0881F5FE0F} = {D0FD3C5F-438E-4A56-898D-981E06A7135F}
		{A3877A84-F33F-442A-B641-6D9DB99AE5E2} = {D0FD3C5F-438E-4A56-898D-981E06A7135F}
		{98DB9B87-AC32-42B2-95F6-FEB10948691D} = {D0FD3C5F-438E-4A56-898D-981E06A7135F}
		{4BCB9311-2E00-4DF4-8721-832357EE32DE} = {D0FD3C5F-438E-4A56-898D-981E06A7135F}
		{512CB92C-7358-4903-963E-95CE381FF6C5} = {EE002D18-7045-4B77-AB04-8781C06653C2}
		{8CBCE900-6FC0-4409-AEFF-25EACF7559E1} = {EE002D18-7045-4B77-AB04-8781C06653C2}
		{E8DFE550-0CE2-4116-A694-32251CDB4852} = {EE002D18-7045-4B77-AB04-8781C06653C2}
		{FF78CC8D-9508-4D7C-A498-0A5E96B96F71} = {EE002D18-7045-4B77-AB04-8781C06653C2}
		{311C61F8-F216-4112-BC05-ABB33BC5F5C3} = {5D8049B9-D7FC-48BC-AE37-BFF0C04056A3}
		{E168EDCA-4E3C-4735-8DC4-89753629AC87} = {5D8049B9-D7FC-48BC-AE37-BFF0C04056A3}
		{9A66D6AF-B0BD-403D-8AF2-85C3D487C3F9} = {5D8049B9-D7FC-48BC-AE37-BFF0C04056A3}
		{053C3274-DE0A-4A0C-9D81-25D13944685D} = {5D8049B9-D7FC-48BC-AE37-BFF0C04056A3}
		{53429D54-AAB6-4CE3-9171-573CAB47AFC7} = {B6FC55B7-9756-451B-8BD2-1C00674AC4F0}
		{89A19EB1-16B7-49F9-953A-170E3E482A5E} = {B6FC55B7-9756-451B-8BD2-1C00674AC4F0}
	EndGlobalSection
	GlobalSection(ExtensibilityGlobals) = postSolution
		SolutionGuid = {4AC39395-759C-4041-8CB3-8A5465D5696F}
	EndGlobalSection
EndGlobal
