
Microsoft Visual Studio Solution File, Format Version 12.00
# Visual Studio Version 17
VisualStudioVersion = 17.9.34310.174
MinimumVisualStudioVersion = 10.0.40219.1
Project("{9A19103F-16F7-4668-BE54-9A1E7A4F7556}") = "AppHouse.SharedKernel", "AppHouse.SharedKernel\AppHouse.SharedKernel.csproj", "{92333EA2-C6E5-4140-8FE7-A2FF9D16310F}"
EndProject
Project("{9A19103F-16F7-4668-BE54-9A1E7A4F7556}") = "AppHouse.Accounts.Core", "AppHouse.Account\AppHouse.Accounts.Core\AppHouse.Accounts.Core.csproj", "{A3877A84-F33F-442A-B641-6D9DB99AE5E2}"
EndProject
Project("{9A19103F-16F7-4668-BE54-9A1E7A4F7556}") = "AppHouse.Accounts.Application", "AppHouse.Account\AppHouse.Accounts.Application\AppHouse.Accounts.Application.csproj", "{4BCB9311-2E00-4DF4-8721-832357EE32DE}"
EndProject
Project("{2150E333-8FDC-42A3-9474-1A3956D46DE8}") = "AppHouse.Accounts", "AppHouse.Accounts", "{D0FD3C5F-438E-4A56-898D-981E06A7135F}"
EndProject
Project("{2150E333-8FDC-42A3-9474-1A3956D46DE8}") = "AppHouse.Loans", "AppHouse.Loans", "{EE002D18-7045-4B77-AB04-8781C06653C2}"
EndProject
Project("{2150E333-8FDC-42A3-9474-1A3956D46DE8}") = "AppHouse.Payments", "AppHouse.Payments", "{5D8049B9-D7FC-48BC-AE37-BFF0C04056A3}"
EndProject
Project("{9A19103F-16F7-4668-BE54-9A1E7A4F7556}") = "AppHouse.Loans.Application", "AppHouse.Loans\AppHouse.Loans.Application\AppHouse.Loans.Application.csproj", "{512CB92C-7358-4903-963E-95CE381FF6C5}"
EndProject
Project("{9A19103F-16F7-4668-BE54-9A1E7A4F7556}") = "AppHouse.Loans.Core", "AppHouse.Loans\AppHouse.Loans.Core\AppHouse.Loans.Core.csproj", "{8CBCE900-6FC0-4409-AEFF-25EACF7559E1}"
EndProject
Project("{9A19103F-16F7-4668-BE54-9A1E7A4F7556}") = "AppHouse.Payments.Application", "AppHouse.Payments\AppHouse.Payments.Application\AppHouse.Payments.Application.csproj", "{311C61F8-F216-4112-BC05-ABB33BC5F5C3}"
EndProject
Project("{9A19103F-16F7-4668-BE54-9A1E7A4F7556}") = "AppHouse.Payments.Core", "AppHouse.Payments\AppHouse.Payments.Core\AppHouse.Payments.Core.csproj", "{E168EDCA-4E3C-4735-8DC4-89753629AC87}"
EndProject
Project("{2150E333-8FDC-42A3-9474-1A3956D46DE8}") = "AppHouse.DbScripts", "AppHouse.DbScripts", "{02AA8228-CC67-4FC9-BA9B-F4DEA03332C3}"
	ProjectSection(SolutionItems) = preProject
		AppHouse.DbScripts\AccountActivityHistoryTable.sql = AppHouse.DbScripts\AccountActivityHistoryTable.sql
		AppHouse.DbScripts\AccountTable.sql = AppHouse.DbScripts\AccountTable.sql
		AppHouse.DbScripts\LoanStyleTypeTable.sql = AppHouse.DbScripts\LoanStyleTypeTable.sql
		AppHouse.DbScripts\LoanTable.sql = AppHouse.DbScripts\LoanTable.sql
	EndProjectSection
EndProject
Project("{9A19103F-16F7-4668-BE54-9A1E7A4F7556}") = "AppHouse.Tests", "AppHouse.Tests\AppHouse.Tests.csproj", "{5ED3A1E1-2C8E-462C-A8FD-03DAEB91026B}"
EndProject
Project("{9A19103F-16F7-4668-BE54-9A1E7A4F7556}") = "AppHouse.Gateway", "AppHouse.Gateway\AppHouse.Gateway.csproj", "{E31D25DD-A83D-454B-AD64-AE94DE6D6751}"
EndProject
Project("{FAE04EC0-301F-11D3-BF4B-00C04F79EFBC}") = "AppHouse.Aspire.AppHost", "AppHouse.Aspire\AppHouse.Aspire.AppHost\AppHouse.Aspire.AppHost.csproj", "{8E35BD0F-47C4-47B3-9FD9-715E3C958FDF}"
EndProject
Project("{9A19103F-16F7-4668-BE54-9A1E7A4F7556}") = "AppHouse.Aspire.ServiceDefaults", "AppHouse.Aspire\AppHouse.Aspire.ServiceDefaults\AppHouse.Aspire.ServiceDefaults.csproj", "{97F2D4C5-A846-4BAD-9CDD-A53570F2A79B}"
EndProject
Project("{2150E333-8FDC-42A3-9474-1A3956D46DE8}") = "AppHouse.Docker", "AppHouse.Docker", "{2E7AB6D9-5F4D-4EF8-BAEF-3A09AE157079}"
	ProjectSection(SolutionItems) = preProject
		Dockerfile = Dockerfile
	EndProjectSection
EndProject
Global
	GlobalSection(SolutionConfigurationPlatforms) = preSolution
		Debug|Any CPU = Debug|Any CPU
		Release|Any CPU = Release|Any CPU
	EndGlobalSection
	GlobalSection(ProjectConfigurationPlatforms) = postSolution
		{92333EA2-C6E5-4140-8FE7-A2FF9D16310F}.Debug|Any CPU.ActiveCfg = Debug|Any CPU
		{92333EA2-C6E5-4140-8FE7-A2FF9D16310F}.Debug|Any CPU.Build.0 = Debug|Any CPU
		{92333EA2-C6E5-4140-8FE7-A2FF9D16310F}.Release|Any CPU.ActiveCfg = Release|Any CPU
		{92333EA2-C6E5-4140-8FE7-A2FF9D16310F}.Release|Any CPU.Build.0 = Release|Any CPU
		{A3877A84-F33F-442A-B641-6D9DB99AE5E2}.Debug|Any CPU.ActiveCfg = Debug|Any CPU
		{A3877A84-F33F-442A-B641-6D9DB99AE5E2}.Debug|Any CPU.Build.0 = Debug|Any CPU
		{A3877A84-F33F-442A-B641-6D9DB99AE5E2}.Release|Any CPU.ActiveCfg = Release|Any CPU
		{A3877A84-F33F-442A-B641-6D9DB99AE5E2}.Release|Any CPU.Build.0 = Release|Any CPU
		{4BCB9311-2E00-4DF4-8721-832357EE32DE}.Debug|Any CPU.ActiveCfg = Debug|Any CPU
		{4BCB9311-2E00-4DF4-8721-832357EE32DE}.Debug|Any CPU.Build.0 = Debug|Any CPU
		{4BCB9311-2E00-4DF4-8721-832357EE32DE}.Release|Any CPU.ActiveCfg = Release|Any CPU
		{4BCB9311-2E00-4DF4-8721-832357EE32DE}.Release|Any CPU.Build.0 = Release|Any CPU
		{512CB92C-7358-4903-963E-95CE381FF6C5}.Debug|Any CPU.ActiveCfg = Debug|Any CPU
		{512CB92C-7358-4903-963E-95CE381FF6C5}.Debug|Any CPU.Build.0 = Debug|Any CPU
		{512CB92C-7358-4903-963E-95CE381FF6C5}.Release|Any CPU.ActiveCfg = Release|Any CPU
		{512CB92C-7358-4903-963E-95CE381FF6C5}.Release|Any CPU.Build.0 = Release|Any CPU
		{8CBCE900-6FC0-4409-AEFF-25EACF7559E1}.Debug|Any CPU.ActiveCfg = Debug|Any CPU
		{8CBCE900-6FC0-4409-AEFF-25EACF7559E1}.Debug|Any CPU.Build.0 = Debug|Any CPU
		{8CBCE900-6FC0-4409-AEFF-25EACF7559E1}.Release|Any CPU.ActiveCfg = Release|Any CPU
		{8CBCE900-6FC0-4409-AEFF-25EACF7559E1}.Release|Any CPU.Build.0 = Release|Any CPU
		{311C61F8-F216-4112-BC05-ABB33BC5F5C3}.Debug|Any CPU.ActiveCfg = Debug|Any CPU
		{311C61F8-F216-4112-BC05-ABB33BC5F5C3}.Debug|Any CPU.Build.0 = Debug|Any CPU
		{311C61F8-F216-4112-BC05-ABB33BC5F5C3}.Release|Any CPU.ActiveCfg = Release|Any CPU
		{311C61F8-F216-4112-BC05-ABB33BC5F5C3}.Release|Any CPU.Build.0 = Release|Any CPU
		{E168EDCA-4E3C-4735-8DC4-89753629AC87}.Debug|Any CPU.ActiveCfg = Debug|Any CPU
		{E168EDCA-4E3C-4735-8DC4-89753629AC87}.Debug|Any CPU.Build.0 = Debug|Any CPU
		{E168EDCA-4E3C-4735-8DC4-89753629AC87}.Release|Any CPU.ActiveCfg = Release|Any CPU
		{E168EDCA-4E3C-4735-8DC4-89753629AC87}.Release|Any CPU.Build.0 = Release|Any CPU
		{5ED3A1E1-2C8E-462C-A8FD-03DAEB91026B}.Debug|Any CPU.ActiveCfg = Debug|Any CPU
		{5ED3A1E1-2C8E-462C-A8FD-03DAEB91026B}.Debug|Any CPU.Build.0 = Debug|Any CPU
		{5ED3A1E1-2C8E-462C-A8FD-03DAEB91026B}.Release|Any CPU.ActiveCfg = Release|Any CPU
		{5ED3A1E1-2C8E-462C-A8FD-03DAEB91026B}.Release|Any CPU.Build.0 = Release|Any CPU
		{E31D25DD-A83D-454B-AD64-AE94DE6D6751}.Debug|Any CPU.ActiveCfg = Debug|Any CPU
		{E31D25DD-A83D-454B-AD64-AE94DE6D6751}.Debug|Any CPU.Build.0 = Debug|Any CPU
		{E31D25DD-A83D-454B-AD64-AE94DE6D6751}.Release|Any CPU.ActiveCfg = Release|Any CPU
		{E31D25DD-A83D-454B-AD64-AE94DE6D6751}.Release|Any CPU.Build.0 = Release|Any CPU
		{8E35BD0F-47C4-47B3-9FD9-715E3C958FDF}.Debug|Any CPU.ActiveCfg = Debug|Any CPU
		{8E35BD0F-47C4-47B3-9FD9-715E3C958FDF}.Debug|Any CPU.Build.0 = Debug|Any CPU
		{8E35BD0F-47C4-47B3-9FD9-715E3C958FDF}.Release|Any CPU.ActiveCfg = Release|Any CPU
		{8E35BD0F-47C4-47B3-9FD9-715E3C958FDF}.Release|Any CPU.Build.0 = Release|Any CPU
		{97F2D4C5-A846-4BAD-9CDD-A53570F2A79B}.Debug|Any CPU.ActiveCfg = Debug|Any CPU
		{97F2D4C5-A846-4BAD-9CDD-A53570F2A79B}.Debug|Any CPU.Build.0 = Debug|Any CPU
		{97F2D4C5-A846-4BAD-9CDD-A53570F2A79B}.Release|Any CPU.ActiveCfg = Release|Any CPU
		{97F2D4C5-A846-4BAD-9CDD-A53570F2A79B}.Release|Any CPU.Build.0 = Release|Any CPU
	EndGlobalSection
	GlobalSection(SolutionProperties) = preSolution
		HideSolutionNode = FALSE
	EndGlobalSection
	GlobalSection(NestedProjects) = preSolution
		{A3877A84-F33F-442A-B641-6D9DB99AE5E2} = {D0FD3C5F-438E-4A56-898D-981E06A7135F}
		{4BCB9311-2E00-4DF4-8721-832357EE32DE} = {D0FD3C5F-438E-4A56-898D-981E06A7135F}
		{512CB92C-7358-4903-963E-95CE381FF6C5} = {EE002D18-7045-4B77-AB04-8781C06653C2}
		{8CBCE900-6FC0-4409-AEFF-25EACF7559E1} = {EE002D18-7045-4B77-AB04-8781C06653C2}
		{311C61F8-F216-4112-BC05-ABB33BC5F5C3} = {5D8049B9-D7FC-48BC-AE37-BFF0C04056A3}
		{E168EDCA-4E3C-4735-8DC4-89753629AC87} = {5D8049B9-D7FC-48BC-AE37-BFF0C04056A3}
	EndGlobalSection
	GlobalSection(ExtensibilityGlobals) = postSolution
		SolutionGuid = {4AC39395-759C-4041-8CB3-8A5465D5696F}
	EndGlobalSection
EndGlobal
